
Microsoft Visual Studio Solution File, Format Version 12.00
# Visual Studio Version 17
VisualStudioVersion = 17.12.35707.178
MinimumVisualStudioVersion = 10.0.40219.1
Project("{FAE04EC0-301F-11D3-BF4B-00C04F79EFBC}") = "DotnetTestContainers", "DotnetTestContainers\DotnetTestContainers.csproj", "{2C552017-BD1A-48D4-8A83-49D5EB1EC06C}"
EndProject
Project("{2150E333-8FDC-42A3-9474-1A3956D46DE8}") = "Solution Items", "Solution Items", "{DA1107D9-F8C3-4759-BA1D-28A998E68B58}"
	ProjectSection(SolutionItems) = preProject
		.gitignore = .gitignore
		.github\workflows\functional-tests.yaml = .github\workflows\functional-tests.yaml
	EndProjectSection
EndProject
Project("{FAE04EC0-301F-11D3-BF4B-00C04F79EFBC}") = "FunctionalTests", "FunctionalTests\FunctionalTests.csproj", "{C855021E-70E3-43B0-B0C5-F4EBB0A9414F}"
EndProject
Global
	GlobalSection(SolutionConfigurationPlatforms) = preSolution
		Debug|Any CPU = Debug|Any CPU
		Release|Any CPU = Release|Any CPU
	EndGlobalSection
	GlobalSection(ProjectConfigurationPlatforms) = postSolution
		{2C552017-BD1A-48D4-8A83-49D5EB1EC06C}.Debug|Any CPU.ActiveCfg = Debug|Any CPU
		{2C552017-BD1A-48D4-8A83-49D5EB1EC06C}.Debug|Any CPU.Build.0 = Debug|Any CPU
		{2C552017-BD1A-48D4-8A83-49D5EB1EC06C}.Release|Any CPU.ActiveCfg = Release|Any CPU
		{2C552017-BD1A-48D4-8A83-49D5EB1EC06C}.Release|Any CPU.Build.0 = Release|Any CPU
		{C855021E-70E3-43B0-B0C5-F4EBB0A9414F}.Debug|Any CPU.ActiveCfg = Debug|Any CPU
		{C855021E-70E3-43B0-B0C5-F4EBB0A9414F}.Debug|Any CPU.Build.0 = Debug|Any CPU
		{C855021E-70E3-43B0-B0C5-F4EBB0A9414F}.Release|Any CPU.ActiveCfg = Release|Any CPU
		{C855021E-70E3-43B0-B0C5-F4EBB0A9414F}.Release|Any CPU.Build.0 = Release|Any CPU
	EndGlobalSection
	GlobalSection(SolutionProperties) = preSolution
		HideSolutionNode = FALSE
	EndGlobalSection
EndGlobal
